
Microsoft Visual Studio Solution File, Format Version 12.00
# Visual Studio Version 16
VisualStudioVersion = 16.0.31313.79
MinimumVisualStudioVersion = 10.0.40219.1
Project("{FAE04EC0-301F-11D3-BF4B-00C04F79EFBC}") = "MelvinRobertoRecinosBorja", "MelvinRobertoRecinosBorja.csproj", "{81715681-F3D3-41A6-ACD7-C967DF6B80DC}"
EndProject
Global
	GlobalSection(SolutionConfigurationPlatforms) = preSolution
		Debug|Any CPU = Debug|Any CPU
		Release|Any CPU = Release|Any CPU
	EndGlobalSection
	GlobalSection(ProjectConfigurationPlatforms) = postSolution
		{81715681-F3D3-41A6-ACD7-C967DF6B80DC}.Debug|Any CPU.ActiveCfg = Debug|Any CPU
		{81715681-F3D3-41A6-ACD7-C967DF6B80DC}.Debug|Any CPU.Build.0 = Debug|Any CPU
		{81715681-F3D3-41A6-ACD7-C967DF6B80DC}.Release|Any CPU.ActiveCfg = Release|Any CPU
		{81715681-F3D3-41A6-ACD7-C967DF6B80DC}.Release|Any CPU.Build.0 = Release|Any CPU
	EndGlobalSection
	GlobalSection(SolutionProperties) = preSolution
		HideSolutionNode = FALSE
	EndGlobalSection
	GlobalSection(ExtensibilityGlobals) = postSolution
		SolutionGuid = {733EA4C9-6403-4212-8BFE-7DD455636708}
	EndGlobalSection
EndGlobal
